
Microsoft Visual Studio Solution File, Format Version 12.00
# Visual Studio Version 17
VisualStudioVersion = 17.5.002.0
MinimumVisualStudioVersion = 10.0.40219.1
Project("{2150E333-8FDC-42A3-9474-1A3956D46DE8}") = "src", "src", "{0DD44B35-7E0D-48C6-BD9E-326B55645B01}"
EndProject
Project("{2150E333-8FDC-42A3-9474-1A3956D46DE8}") = "Chatix.Libs.Core", "Chatix.Libs.Core", "{7BBBD528-69BE-42F2-91EA-0ECCB3F3B67B}"
EndProject
Project("{FAE04EC0-301F-11D3-BF4B-00C04F79EFBC}") = "Chatix.Libs.Core.Contracts", "src\Chatix.Libs.Core\Chatix.Libs.Core.Contracts\Chatix.Libs.Core.Contracts.csproj", "{A2184D4C-5BC3-405F-BCBC-41B51F78AFB4}"
EndProject
Project("{FAE04EC0-301F-11D3-BF4B-00C04F79EFBC}") = "Chatix.Libs.Core.Models", "src\Chatix.Libs.Core\Chatix.Libs.Core.Models\Chatix.Libs.Core.Models.csproj", "{316315E0-BCBC-4909-B60E-CD7D1BBA465C}"
EndProject
Project("{FAE04EC0-301F-11D3-BF4B-00C04F79EFBC}") = "Chatix.Libs.Core.Shared", "src\Chatix.Libs.Core\Chatix.Libs.Core.Shared\Chatix.Libs.Core.Shared.csproj", "{19DD8F6D-332B-4F89-B8F1-20150DB2EF0A}"
EndProject
Project("{2150E333-8FDC-42A3-9474-1A3956D46DE8}") = "Chatix.Libs.Infrastructure", "Chatix.Libs.Infrastructure", "{682A2578-675C-404C-A63D-3095985FC32F}"
EndProject
Project("{FAE04EC0-301F-11D3-BF4B-00C04F79EFBC}") = "Chatix.Libs.Infrastructure.Logger", "src\Chatix.Libs.Infrastructure\Chatix.Libs.Infrastructure.Logger\Chatix.Libs.Infrastructure.Logger.csproj", "{69127CF7-EC0E-41F2-9181-7040F33544BB}"
EndProject
Project("{2150E333-8FDC-42A3-9474-1A3956D46DE8}") = "Chatix.Service.App", "Chatix.Service.App", "{4B4F96F9-CE0F-4613-B587-828BE15D323D}"
EndProject
Project("{FAE04EC0-301F-11D3-BF4B-00C04F79EFBC}") = "Chatix.Service.App.API.Presentation", "src\Chatix.Service.App\Chatix.Service.App.API.Presentation\Chatix.Service.App.API.Presentation.csproj", "{A62E2F33-5D5A-4BB3-8C9C-F7D411D436BB}"
EndProject
Project("{FAE04EC0-301F-11D3-BF4B-00C04F79EFBC}") = "Chatix.Service.App.Domain", "src\Chatix.Service.App\Chatix.Service.App.Domain\Chatix.Service.App.Domain.csproj", "{AB144555-6250-4B13-86E7-82FCBEAC6B21}"
EndProject
Project("{FAE04EC0-301F-11D3-BF4B-00C04F79EFBC}") = "Chatix.Libs.Infrastructure.Persistence", "src\Chatix.Libs.Infrastructure\Chatix.Libs.Infrastructure.Persistence\Chatix.Libs.Infrastructure.Persistence.csproj", "{FCBEA55C-A0AA-43A6-A6BB-ED9AF6E3ED72}"
EndProject
Project("{FAE04EC0-301F-11D3-BF4B-00C04F79EFBC}") = "Chatix.Service.App.API", "src\Chatix.Service.App\Chatix.Service.App.API\Chatix.Service.App.API.csproj", "{F3FDADC0-DEED-4867-B15C-EF385910D089}"
EndProject
Project("{FAE04EC0-301F-11D3-BF4B-00C04F79EFBC}") = "Chatix.Service.App.UnitTests", "src\Chatix.Service.App\Chatix.Service.App.UnitTests\Chatix.Service.App.UnitTests.csproj", "{D412751C-8218-4491-9F43-0BCDF4698B08}"
EndProject
Project("{FAE04EC0-301F-11D3-BF4B-00C04F79EFBC}") = "Chatix.Service.App.IntegrationTests", "src\Chatix.Service.App\Chatix.Service.App.IntegrationTests\Chatix.Service.App.IntegrationTests.csproj", "{F7E84AFC-CF60-483A-8EDA-5999FA88E6FD}"
EndProject
Global
	GlobalSection(SolutionConfigurationPlatforms) = preSolution
		Debug|Any CPU = Debug|Any CPU
		Release|Any CPU = Release|Any CPU
	EndGlobalSection
	GlobalSection(ProjectConfigurationPlatforms) = postSolution
		{A2184D4C-5BC3-405F-BCBC-41B51F78AFB4}.Debug|Any CPU.ActiveCfg = Debug|Any CPU
		{A2184D4C-5BC3-405F-BCBC-41B51F78AFB4}.Debug|Any CPU.Build.0 = Debug|Any CPU
		{A2184D4C-5BC3-405F-BCBC-41B51F78AFB4}.Release|Any CPU.ActiveCfg = Release|Any CPU
		{A2184D4C-5BC3-405F-BCBC-41B51F78AFB4}.Release|Any CPU.Build.0 = Release|Any CPU
		{316315E0-BCBC-4909-B60E-CD7D1BBA465C}.Debug|Any CPU.ActiveCfg = Debug|Any CPU
		{316315E0-BCBC-4909-B60E-CD7D1BBA465C}.Debug|Any CPU.Build.0 = Debug|Any CPU
		{316315E0-BCBC-4909-B60E-CD7D1BBA465C}.Release|Any CPU.ActiveCfg = Release|Any CPU
		{316315E0-BCBC-4909-B60E-CD7D1BBA465C}.Release|Any CPU.Build.0 = Release|Any CPU
		{19DD8F6D-332B-4F89-B8F1-20150DB2EF0A}.Debug|Any CPU.ActiveCfg = Debug|Any CPU
		{19DD8F6D-332B-4F89-B8F1-20150DB2EF0A}.Debug|Any CPU.Build.0 = Debug|Any CPU
		{19DD8F6D-332B-4F89-B8F1-20150DB2EF0A}.Release|Any CPU.ActiveCfg = Release|Any CPU
		{19DD8F6D-332B-4F89-B8F1-20150DB2EF0A}.Release|Any CPU.Build.0 = Release|Any CPU
		{69127CF7-EC0E-41F2-9181-7040F33544BB}.Debug|Any CPU.ActiveCfg = Debug|Any CPU
		{69127CF7-EC0E-41F2-9181-7040F33544BB}.Debug|Any CPU.Build.0 = Debug|Any CPU
		{69127CF7-EC0E-41F2-9181-7040F33544BB}.Release|Any CPU.ActiveCfg = Release|Any CPU
		{69127CF7-EC0E-41F2-9181-7040F33544BB}.Release|Any CPU.Build.0 = Release|Any CPU
		{A62E2F33-5D5A-4BB3-8C9C-F7D411D436BB}.Debug|Any CPU.ActiveCfg = Debug|Any CPU
		{A62E2F33-5D5A-4BB3-8C9C-F7D411D436BB}.Debug|Any CPU.Build.0 = Debug|Any CPU
		{A62E2F33-5D5A-4BB3-8C9C-F7D411D436BB}.Release|Any CPU.ActiveCfg = Release|Any CPU
		{A62E2F33-5D5A-4BB3-8C9C-F7D411D436BB}.Release|Any CPU.Build.0 = Release|Any CPU
		{AB144555-6250-4B13-86E7-82FCBEAC6B21}.Debug|Any CPU.ActiveCfg = Debug|Any CPU
		{AB144555-6250-4B13-86E7-82FCBEAC6B21}.Debug|Any CPU.Build.0 = Debug|Any CPU
		{AB144555-6250-4B13-86E7-82FCBEAC6B21}.Release|Any CPU.ActiveCfg = Release|Any CPU
		{AB144555-6250-4B13-86E7-82FCBEAC6B21}.Release|Any CPU.Build.0 = Release|Any CPU
		{FCBEA55C-A0AA-43A6-A6BB-ED9AF6E3ED72}.Debug|Any CPU.ActiveCfg = Debug|Any CPU
		{FCBEA55C-A0AA-43A6-A6BB-ED9AF6E3ED72}.Debug|Any CPU.Build.0 = Debug|Any CPU
		{FCBEA55C-A0AA-43A6-A6BB-ED9AF6E3ED72}.Release|Any CPU.ActiveCfg = Release|Any CPU
		{FCBEA55C-A0AA-43A6-A6BB-ED9AF6E3ED72}.Release|Any CPU.Build.0 = Release|Any CPU
		{F3FDADC0-DEED-4867-B15C-EF385910D089}.Debug|Any CPU.ActiveCfg = Debug|Any CPU
		{F3FDADC0-DEED-4867-B15C-EF385910D089}.Debug|Any CPU.Build.0 = Debug|Any CPU
		{F3FDADC0-DEED-4867-B15C-EF385910D089}.Release|Any CPU.ActiveCfg = Release|Any CPU
		{F3FDADC0-DEED-4867-B15C-EF385910D089}.Release|Any CPU.Build.0 = Release|Any CPU
		{D412751C-8218-4491-9F43-0BCDF4698B08}.Debug|Any CPU.ActiveCfg = Debug|Any CPU
		{D412751C-8218-4491-9F43-0BCDF4698B08}.Debug|Any CPU.Build.0 = Debug|Any CPU
		{D412751C-8218-4491-9F43-0BCDF4698B08}.Release|Any CPU.ActiveCfg = Release|Any CPU
		{D412751C-8218-4491-9F43-0BCDF4698B08}.Release|Any CPU.Build.0 = Release|Any CPU
		{F7E84AFC-CF60-483A-8EDA-5999FA88E6FD}.Debug|Any CPU.ActiveCfg = Debug|Any CPU
		{F7E84AFC-CF60-483A-8EDA-5999FA88E6FD}.Debug|Any CPU.Build.0 = Debug|Any CPU
		{F7E84AFC-CF60-483A-8EDA-5999FA88E6FD}.Release|Any CPU.ActiveCfg = Release|Any CPU
		{F7E84AFC-CF60-483A-8EDA-5999FA88E6FD}.Release|Any CPU.Build.0 = Release|Any CPU
	EndGlobalSection
	GlobalSection(SolutionProperties) = preSolution
		HideSolutionNode = FALSE
	EndGlobalSection
	GlobalSection(NestedProjects) = preSolution
		{7BBBD528-69BE-42F2-91EA-0ECCB3F3B67B} = {0DD44B35-7E0D-48C6-BD9E-326B55645B01}
		{A2184D4C-5BC3-405F-BCBC-41B51F78AFB4} = {7BBBD528-69BE-42F2-91EA-0ECCB3F3B67B}
		{316315E0-BCBC-4909-B60E-CD7D1BBA465C} = {7BBBD528-69BE-42F2-91EA-0ECCB3F3B67B}
		{19DD8F6D-332B-4F89-B8F1-20150DB2EF0A} = {7BBBD528-69BE-42F2-91EA-0ECCB3F3B67B}
		{682A2578-675C-404C-A63D-3095985FC32F} = {0DD44B35-7E0D-48C6-BD9E-326B55645B01}
		{69127CF7-EC0E-41F2-9181-7040F33544BB} = {682A2578-675C-404C-A63D-3095985FC32F}
		{4B4F96F9-CE0F-4613-B587-828BE15D323D} = {0DD44B35-7E0D-48C6-BD9E-326B55645B01}
		{A62E2F33-5D5A-4BB3-8C9C-F7D411D436BB} = {4B4F96F9-CE0F-4613-B587-828BE15D323D}
		{AB144555-6250-4B13-86E7-82FCBEAC6B21} = {4B4F96F9-CE0F-4613-B587-828BE15D323D}
		{FCBEA55C-A0AA-43A6-A6BB-ED9AF6E3ED72} = {682A2578-675C-404C-A63D-3095985FC32F}
		{F3FDADC0-DEED-4867-B15C-EF385910D089} = {4B4F96F9-CE0F-4613-B587-828BE15D323D}
		{D412751C-8218-4491-9F43-0BCDF4698B08} = {4B4F96F9-CE0F-4613-B587-828BE15D323D}
		{F7E84AFC-CF60-483A-8EDA-5999FA88E6FD} = {4B4F96F9-CE0F-4613-B587-828BE15D323D}
	EndGlobalSection
	GlobalSection(ExtensibilityGlobals) = postSolution
		SolutionGuid = {3E1146AE-10B0-40F4-9509-8B168778BE15}
	EndGlobalSection
EndGlobal
